
Microsoft Visual Studio Solution File, Format Version 12.00
# Visual Studio Version 16
VisualStudioVersion = 16.0.31025.194
MinimumVisualStudioVersion = 10.0.40219.1
Project("{FAE04EC0-301F-11D3-BF4B-00C04F79EFBC}") = "LoopListBoxMod - Katharine Wunderle", "LoopListBoxMod - Katharine Wunderle.csproj", "{3CC76C93-449E-46AB-A221-5FFC0BAD59B2}"
EndProject
Global
	GlobalSection(SolutionConfigurationPlatforms) = preSolution
		Debug|Any CPU = Debug|Any CPU
		Release|Any CPU = Release|Any CPU
	EndGlobalSection
	GlobalSection(ProjectConfigurationPlatforms) = postSolution
		{3CC76C93-449E-46AB-A221-5FFC0BAD59B2}.Debug|Any CPU.ActiveCfg = Debug|Any CPU
		{3CC76C93-449E-46AB-A221-5FFC0BAD59B2}.Debug|Any CPU.Build.0 = Debug|Any CPU
		{3CC76C93-449E-46AB-A221-5FFC0BAD59B2}.Release|Any CPU.ActiveCfg = Release|Any CPU
		{3CC76C93-449E-46AB-A221-5FFC0BAD59B2}.Release|Any CPU.Build.0 = Release|Any CPU
	EndGlobalSection
	GlobalSection(SolutionProperties) = preSolution
		HideSolutionNode = FALSE
	EndGlobalSection
	GlobalSection(ExtensibilityGlobals) = postSolution
		SolutionGuid = {F6A2B998-BD00-4B34-943C-1B5BDA6F41DB}
	EndGlobalSection
EndGlobal
